2
git https://github.com/truemedian/zfetch commit-210c49965640a7d0ce532793f9b435e022bf2f18
git https://github.com/truemedian/hzzp commit-bf5aaf224e94561e035a631c3c40fbf02faa27d2
git https://github.com/nektro/iguanaTLS commit-9a05f03681d5f273d0ce7447f0c7e729828ab8a2
git https://github.com/MasterQ32/zig-network commit-bb77ec3469535967651f41c6ea260e357cce73d7
git https://github.com/MasterQ32/zig-uri commit-e879df3a236869f92298fbe2db3c25e6e84cfd4c
git https://gist.github.com/nektro/917368c242e9be1a832816bc66d10d63 commit-d917db1e4b68faaaed6ecbdd7774f1959dc76fa5
git https://github.com/nektro/zig-extras commit-b16f583d5af5c86c92237bf56fa8063a5e9961c3
git https://github.com/nektro/zig-range commit-4b2f12808aa09be4b27a163efc424dd4e0415992
git https://gist.github.com/nektro/d468fea84f8217e4c26ee8fbeeea38cc commit-0911d65210fe14467fa73afd5b09d781a3995adc
git https://github.com/yaml/libyaml tag-0.2.5
