2
git https://gist.github.com/nektro/d468fea84f8217e4c26ee8fbeeea38cc commit-0911d65210fe14467fa73afd5b09d781a3995adc
git https://github.com/yaml/libyaml tag-0.2.5
git https://github.com/nektro/zig-extras commit-b16f583d5af5c86c92237bf56fa8063a5e9961c3
git https://github.com/nektro/zig-range commit-4b2f12808aa09be4b27a163efc424dd4e0415992
